
Microsoft Visual Studio Solution File, Format Version 12.00
# Visual Studio 15
Project("{FAE04EC0-301F-11D3-BF4B-00C04F79EFBC}") = "API_CentralDeErros.Model", "API_CentralDeErros.Model\API_CentralDeErros.Model.csproj", "{6F848360-15FB-47CE-B181-4D676645A6D8}"
EndProject
Project("{FAE04EC0-301F-11D3-BF4B-00C04F79EFBC}") = "API_CentralDeErros.Service", "API_CentralDeErros.Service\API_CentralDeErros.Service.csproj", "{900A6829-01C7-427B-A4B4-D5351440182B}"
EndProject
Project("{FAE04EC0-301F-11D3-BF4B-00C04F79EFBC}") = "API_CentralDeErros.Test", "API_CentralDeErros.Test\API_CentralDeErros.Test.csproj", "{EAD33856-4670-4067-964A-1BB3A0B48F0F}"
EndProject
Project("{FAE04EC0-301F-11D3-BF4B-00C04F79EFBC}") = "API_CentralDeErros.API", "API_CentralDeErros.API\API_CentralDeErros.API.csproj", "{A9F785EB-CF56-468F-8B5E-FFF0C9224DE2}"
EndProject
Global
	GlobalSection(SolutionConfigurationPlatforms) = preSolution
		Debug|Any CPU = Debug|Any CPU
		Release|Any CPU = Release|Any CPU
	EndGlobalSection
	GlobalSection(ProjectConfigurationPlatforms) = postSolution
		{6F848360-15FB-47CE-B181-4D676645A6D8}.Debug|Any CPU.ActiveCfg = Debug|Any CPU
		{6F848360-15FB-47CE-B181-4D676645A6D8}.Debug|Any CPU.Build.0 = Debug|Any CPU
		{6F848360-15FB-47CE-B181-4D676645A6D8}.Release|Any CPU.ActiveCfg = Release|Any CPU
		{6F848360-15FB-47CE-B181-4D676645A6D8}.Release|Any CPU.Build.0 = Release|Any CPU
		{900A6829-01C7-427B-A4B4-D5351440182B}.Debug|Any CPU.ActiveCfg = Debug|Any CPU
		{900A6829-01C7-427B-A4B4-D5351440182B}.Debug|Any CPU.Build.0 = Debug|Any CPU
		{900A6829-01C7-427B-A4B4-D5351440182B}.Release|Any CPU.ActiveCfg = Release|Any CPU
		{900A6829-01C7-427B-A4B4-D5351440182B}.Release|Any CPU.Build.0 = Release|Any CPU
		{EAD33856-4670-4067-964A-1BB3A0B48F0F}.Debug|Any CPU.ActiveCfg = Debug|Any CPU
		{EAD33856-4670-4067-964A-1BB3A0B48F0F}.Debug|Any CPU.Build.0 = Debug|Any CPU
		{EAD33856-4670-4067-964A-1BB3A0B48F0F}.Release|Any CPU.ActiveCfg = Release|Any CPU
		{EAD33856-4670-4067-964A-1BB3A0B48F0F}.Release|Any CPU.Build.0 = Release|Any CPU
		{A9F785EB-CF56-468F-8B5E-FFF0C9224DE2}.Debug|Any CPU.ActiveCfg = Debug|Any CPU
		{A9F785EB-CF56-468F-8B5E-FFF0C9224DE2}.Debug|Any CPU.Build.0 = Debug|Any CPU
		{A9F785EB-CF56-468F-8B5E-FFF0C9224DE2}.Release|Any CPU.ActiveCfg = Release|Any CPU
		{A9F785EB-CF56-468F-8B5E-FFF0C9224DE2}.Release|Any CPU.Build.0 = Release|Any CPU
	EndGlobalSection
EndGlobal
